
Microsoft Visual Studio Solution File, Format Version 12.00
# Visual Studio 14
VisualStudioVersion = 14.0.25420.1
MinimumVisualStudioVersion = 10.0.40219.1
Project("{FAE04EC0-301F-11D3-BF4B-00C04F79EFBC}") = "API", "API\API.csproj", "{664FF9D1-B729-406C-945B-E6445B0FE85E}"
EndProject
Project("{2150E333-8FDC-42A3-9474-1A3956D46DE8}") = "UnitTests", "UnitTests", "{A0D13DC6-2FE0-415C-9210-4D9AE6E0F53B}"
EndProject
Project("{FAE04EC0-301F-11D3-BF4B-00C04F79EFBC}") = "APITests", "APITests\APITests.csproj", "{B8006C66-E824-4812-A8E8-AF08E3F1C83C}"
EndProject
Global
	GlobalSection(SolutionConfigurationPlatforms) = preSolution
		Debug|Any CPU = Debug|Any CPU
		Release|Any CPU = Release|Any CPU
	EndGlobalSection
	GlobalSection(ProjectConfigurationPlatforms) = postSolution
		{664FF9D1-B729-406C-945B-E6445B0FE85E}.Debug|Any CPU.ActiveCfg = Debug|Any CPU
		{664FF9D1-B729-406C-945B-E6445B0FE85E}.Debug|Any CPU.Build.0 = Debug|Any CPU
		{664FF9D1-B729-406C-945B-E6445B0FE85E}.Release|Any CPU.ActiveCfg = Release|Any CPU
		{664FF9D1-B729-406C-945B-E6445B0FE85E}.Release|Any CPU.Build.0 = Release|Any CPU
		{B8006C66-E824-4812-A8E8-AF08E3F1C83C}.Debug|Any CPU.ActiveCfg = Debug|Any CPU
		{B8006C66-E824-4812-A8E8-AF08E3F1C83C}.Debug|Any CPU.Build.0 = Debug|Any CPU
		{B8006C66-E824-4812-A8E8-AF08E3F1C83C}.Release|Any CPU.ActiveCfg = Release|Any CPU
		{B8006C66-E824-4812-A8E8-AF08E3F1C83C}.Release|Any CPU.Build.0 = Release|Any CPU
	EndGlobalSection
	GlobalSection(SolutionProperties) = preSolution
		HideSolutionNode = FALSE
	EndGlobalSection
	GlobalSection(NestedProjects) = preSolution
		{B8006C66-E824-4812-A8E8-AF08E3F1C83C} = {A0D13DC6-2FE0-415C-9210-4D9AE6E0F53B}
	EndGlobalSection
EndGlobal
